
Microsoft Visual Studio Solution File, Format Version 12.00
# Visual Studio Version 16
VisualStudioVersion = 16.0.31129.286
MinimumVisualStudioVersion = 10.0.40219.1
Project("{FAE04EC0-301F-11D3-BF4B-00C04F79EFBC}") = "DynamoDBSandbox", "DynamoDBSandbox\DynamoDBSandbox.csproj", "{1009F3EE-68D6-4AB1-B302-7CEDEA4F12A0}"
EndProject
Global
	GlobalSection(SolutionConfigurationPlatforms) = preSolution
		Debug|Any CPU = Debug|Any CPU
		Release|Any CPU = Release|Any CPU
	EndGlobalSection
	GlobalSection(ProjectConfigurationPlatforms) = postSolution
		{1009F3EE-68D6-4AB1-B302-7CEDEA4F12A0}.Debug|Any CPU.ActiveCfg = Debug|Any CPU
		{1009F3EE-68D6-4AB1-B302-7CEDEA4F12A0}.Debug|Any CPU.Build.0 = Debug|Any CPU
		{1009F3EE-68D6-4AB1-B302-7CEDEA4F12A0}.Release|Any CPU.ActiveCfg = Release|Any CPU
		{1009F3EE-68D6-4AB1-B302-7CEDEA4F12A0}.Release|Any CPU.Build.0 = Release|Any CPU
	EndGlobalSection
	GlobalSection(SolutionProperties) = preSolution
		HideSolutionNode = FALSE
	EndGlobalSection
	GlobalSection(ExtensibilityGlobals) = postSolution
		SolutionGuid = {CD721ECD-24D9-4A7D-B2EC-0DF7E0786B0F}
	EndGlobalSection
EndGlobal
